// !$*UTF8*$!
{
	archiveVersion = 1;
	classes = {
	};
	objectVersion = 55;
	objects = {

/* Begin PBXBuildFile section */
		D57EB574283E0BC200C81342 /* AppDelegate.swift in Sources */ = {isa = PBXBuildFile; fileRef = D57EB573283E0BC200C81342 /* AppDelegate.swift */; };
		D57EB576283E0BC200C81342 /* SceneDelegate.swift in Sources */ = {isa = PBXBuildFile; fileRef = D57EB575283E0BC200C81342 /* SceneDelegate.swift */; };
		D57EB578283E0BC200C81342 /* ViewController.swift in Sources */ = {isa = PBXBuildFile; fileRef = D57EB577283E0BC200C81342 /* ViewController.swift */; };
		D57EB57B283E0BC200C81342 /* Main.storyboard in Resources */ = {isa = PBXBuildFile; fileRef = D57EB579283E0BC200C81342 /* Main.storyboard */; };
		D57EB57D283E0BC400C81342 /* Assets.xcassets in Resources */ = {isa = PBXBuildFile; fileRef = D57EB57C283E0BC400C81342 /* Assets.xcassets */; };
		D57EB580283E0BC400C81342 /* LaunchScreen.storyboard in Resources */ = {isa = PBXBuildFile; fileRef = D57EB57E283E0BC400C81342 /* LaunchScreen.storyboard */; };
		D57EB588283E0BE200C81342 /* kIdentifier.swift in Sources */ = {isa = PBXBuildFile; fileRef = D57EB587283E0BE200C81342 /* kIdentifier.swift */; };
		D57EB58B283E0C7500C81342 /* CustomCollectionViewCell.swift in Sources */ = {isa = PBXBuildFile; fileRef = D57EB589283E0C7500C81342 /* CustomCollectionViewCell.swift */; };
		D57EB58C283E0C7500C81342 /* CustomCollectionViewCell.xib in Resources */ = {isa = PBXBuildFile; fileRef = D57EB58A283E0C7500C81342 /* CustomCollectionViewCell.xib */; };
		D57EB58F283E0DEA00C81342 /* UICollectionView+Helper.swift in Sources */ = {isa = PBXBuildFile; fileRef = D57EB58E283E0DEA00C81342 /* UICollectionView+Helper.swift */; };
		D57EB591283E0EBD00C81342 /* UITableView+Helper.swift in Sources */ = {isa = PBXBuildFile; fileRef = D57EB590283E0EBD00C81342 /* UITableView+Helper.swift */; };
/* End PBXBuildFile section */

/* Begin PBXFileReference section */
		D57EB570283E0BC200C81342 /* Example.app */ = {isa = PBXFileReference; explicitFileType = wrapper.application; includeInIndex = 0; path = Example.app; sourceTree = BUILT_PRODUCTS_DIR; };
		D57EB573283E0BC200C81342 /* AppDelegate.swift */ = {isa = PBXFileReference; lastKnownFileType = sourcecode.swift; path = AppDelegate.swift; sourceTree = "<group>"; };
		D57EB575283E0BC200C81342 /* SceneDelegate.swift */ = {isa = PBXFileReference; lastKnownFileType = sourcecode.swift; path = SceneDelegate.swift; sourceTree = "<group>"; };
		D57EB577283E0BC200C81342 /* ViewController.swift */ = {isa = PBXFileReference; lastKnownFileType = sourcecode.swift; path = ViewController.swift; sourceTree = "<group>"; };
		D57EB57A283E0BC200C81342 /* Base */ = {isa = PBXFileReference; lastKnownFileType = file.storyboard; name = Base; path = Base.lproj/Main.storyboard; sourceTree = "<group>"; };
		D57EB57C283E0BC400C81342 /* Assets.xcassets */ = {isa = PBXFileReference; lastKnownFileType = folder.assetcatalog; path = Assets.xcassets; sourceTree = "<group>"; };
		D57EB57F283E0BC400C81342 /* Base */ = {isa = PBXFileReference; lastKnownFileType = file.storyboard; name = Base; path = Base.lproj/LaunchScreen.storyboard; sourceTree = "<group>"; };
		D57EB581283E0BC400C81342 /* Info.plist */ = {isa = PBXFileReference; lastKnownFileType = text.plist.xml; path = Info.plist; sourceTree = "<group>"; };
		D57EB587283E0BE200C81342 /* kIdentifier.swift */ = {isa = PBXFileReference; lastKnownFileType = sourcecode.swift; path = kIdentifier.swift; sourceTree = "<group>"; };
		D57EB589283E0C7500C81342 /* CustomCollectionViewCell.swift */ = {isa = PBXFileReference; lastKnownFileType = sourcecode.swift; path = CustomCollectionViewCell.swift; sourceTree = "<group>"; };
		D57EB58A283E0C7500C81342 /* CustomCollectionViewCell.xib */ = {isa = PBXFileReference; lastKnownFileType = file.xib; path = CustomCollectionViewCell.xib; sourceTree = "<group>"; };
		D57EB58E283E0DEA00C81342 /* UICollectionView+Helper.swift */ = {isa = PBXFileReference; lastKnownFileType = sourcecode.swift; path = "UICollectionView+Helper.swift"; sourceTree = "<group>"; };
		D57EB590283E0EBD00C81342 /* UITableView+Helper.swift */ = {isa = PBXFileReference; lastKnownFileType = sourcecode.swift; path = "UITableView+Helper.swift"; sourceTree = "<group>"; };
/* End PBXFileReference section */

/* Begin PBXFrameworksBuildPhase section */
		D57EB56D283E0BC200C81342 /* Frameworks */ = {
			isa = PBXFrameworksBuildPhase;
			buildActionMask = 2147483647;
			files = (
			);
			runOnlyForDeploymentPostprocessing = 0;
		};
/* End PBXFrameworksBuildPhase section */

/* Begin PBXGroup section */
		D57EB567283E0BC200C81342 = {
			isa = PBXGroup;
			children = (
				D57EB572283E0BC200C81342 /* Example */,
				D57EB571283E0BC200C81342 /* Products */,
			);
			sourceTree = "<group>";
		};
		D57EB571283E0BC200C81342 /* Products */ = {
			isa = PBXGroup;
			children = (
				D57EB570283E0BC200C81342 /* Example.app */,
			);
			name = Products;
			sourceTree = "<group>";
		};
		D57EB572283E0BC200C81342 /* Example */ = {
			isa = PBXGroup;
			children = (
				D57EB58D283E0C7B00C81342 /* Cell */,
				D57EB587283E0BE200C81342 /* kIdentifier.swift */,
				D57EB573283E0BC200C81342 /* AppDelegate.swift */,
				D57EB575283E0BC200C81342 /* SceneDelegate.swift */,
				D57EB577283E0BC200C81342 /* ViewController.swift */,
				D57EB579283E0BC200C81342 /* Main.storyboard */,
				D57EB57C283E0BC400C81342 /* Assets.xcassets */,
				D57EB57E283E0BC400C81342 /* LaunchScreen.storyboard */,
				D57EB581283E0BC400C81342 /* Info.plist */,
				D57EB58E283E0DEA00C81342 /* UICollectionView+Helper.swift */,
				D57EB590283E0EBD00C81342 /* UITableView+Helper.swift */,
			);
			path = Example;
			sourceTree = "<group>";
		};
		D57EB58D283E0C7B00C81342 /* Cell */ = {
			isa = PBXGroup;
			children = (
				D57EB589283E0C7500C81342 /* CustomCollectionViewCell.swift */,
				D57EB58A283E0C7500C81342 /* CustomCollectionViewCell.xib */,
			);
			path = Cell;
			sourceTree = "<group>";
		};
/* End PBXGroup section */

/* Begin PBXNativeTarget section */
		D57EB56F283E0BC200C81342 /* Example */ = {
			isa = PBXNativeTarget;
			buildConfigurationList = D57EB584283E0BC400C81342 /* Build configuration list for PBXNativeTarget "Example" */;
			buildPhases = (
				D57EB56C283E0BC200C81342 /* Sources */,
				D57EB56D283E0BC200C81342 /* Frameworks */,
				D57EB56E283E0BC200C81342 /* Resources */,
			);
			buildRules = (
			);
			dependencies = (
			);
			name = Example;
			productName = Example;
			productReference = D57EB570283E0BC200C81342 /* Example.app */;
			productType = "com.apple.product-type.application";
		};
/* End PBXNativeTarget section */

/* Begin PBXProject section */
		D57EB568283E0BC200C81342 /* Project object */ = {
			isa = PBXProject;
			attributes = {
				BuildIndependentTargetsInParallel = 1;
				LastSwiftUpdateCheck = 1340;
				LastUpgradeCheck = 1340;
				TargetAttributes = {
					D57EB56F283E0BC200C81342 = {
						CreatedOnToolsVersion = 13.4;
					};
				};
			};
			buildConfigurationList = D57EB56B283E0BC200C81342 /* Build configuration list for PBXProject "Example" */;
			compatibilityVersion = "Xcode 13.0";
			developmentRegion = en;
			hasScannedForEncodings = 0;
			knownRegions = (
				en,
				Base,
			);
			mainGroup = D57EB567283E0BC200C81342;
			productRefGroup = D57EB571283E0BC200C81342 /* Products */;
			projectDirPath = "";
			projectRoot = "";
			targets = (
				D57EB56F283E0BC200C81342 /* Example */,
			);
		};
/* End PBXProject section */

/* Begin PBXResourcesBuildPhase section */
		D57EB56E283E0BC200C81342 /* Resources */ = {
			isa = PBXResourcesBuildPhase;
			buildActionMask = 2147483647;
			files = (
				D57EB580283E0BC400C81342 /* LaunchScreen.storyboard in Resources */,
				D57EB57D283E0BC400C81342 /* Assets.xcassets in Resources */,
				D57EB57B283E0BC200C81342 /* Main.storyboard in Resources */,
				D57EB58C283E0C7500C81342 /* CustomCollectionViewCell.xib in Resources */,
			);
			runOnlyForDeploymentPostprocessing = 0;
		};
/* End PBXResourcesBuildPhase section */

/* Begin PBXSourcesBuildPhase section */
		D57EB56C283E0BC200C81342 /* Sources */ = {
			isa = PBXSourcesBuildPhase;
			buildActionMask = 2147483647;
			files = (
				D57EB58F283E0DEA00C81342 /* UICollectionView+Helper.swift in Sources */,
				D57EB588283E0BE200C81342 /* kIdentifier.swift in Sources */,
				D57EB58B283E0C7500C81342 /* CustomCollectionViewCell.swift in Sources */,
				D57EB578283E0BC200C81342 /* ViewController.swift in Sources */,
				D57EB574283E0BC200C81342 /* AppDelegate.swift in Sources */,
				D57EB591283E0EBD00C81342 /* UITableView+Helper.swift in Sources */,
				D57EB576283E0BC200C81342 /* SceneDelegate.swift in Sources */,
			);
			runOnlyForDeploymentPostprocessing = 0;
		};
/* End PBXSourcesBuildPhase section */

/* Begin PBXVariantGroup section */
		D57EB579283E0BC200C81342 /* Main.storyboard */ = {
			isa = PBXVariantGroup;
			children = (
				D57EB57A283E0BC200C81342 /* Base */,
			);
			name = Main.storyboard;
			sourceTree = "<group>";
		};
		D57EB57E283E0BC400C81342 /* LaunchScreen.storyboard */ = {
			isa = PBXVariantGroup;
			children = (
				D57EB57F283E0BC400C81342 /* Base */,
			);
			name = LaunchScreen.storyboard;
			sourceTree = "<group>";
		};
/* End PBXVariantGroup section */

/* Begin XCBuildConfiguration section */
		D57EB582283E0BC400C81342 /* Debug */ = {
			isa = XCBuildConfiguration;
			buildSettings = {
				ALWAYS_SEARCH_USER_PATHS = NO;
				CLANG_ANALYZER_NONNULL = YES;
				CLANG_ANALYZER_NUMBER_OBJECT_CONVERSION = YES_AGGRESSIVE;
				CLANG_CXX_LANGUAGE_STANDARD = "gnu++17";
				CLANG_ENABLE_MODULES = YES;
				CLANG_ENABLE_OBJC_ARC = YES;
				CLANG_ENABLE_OBJC_WEAK = YES;
				CLANG_WARN_BLOCK_CAPTURE_AUTORELEASING = YES;
				CLANG_WARN_BOOL_CONVERSION = YES;
				CLANG_WARN_COMMA = YES;
				CLANG_WARN_CONSTANT_CONVERSION = YES;
				CLANG_WARN_DEPRECATED_OBJC_IMPLEMENTATIONS = YES;
				CLANG_WARN_DIRECT_OBJC_ISA_USAGE = YES_ERROR;
				CLANG_WARN_DOCUMENTATION_COMMENTS = YES;
				CLANG_WARN_EMPTY_BODY = YES;
				CLANG_WARN_ENUM_CONVERSION = YES;
				CLANG_WARN_INFINITE_RECURSION = YES;
				CLANG_WARN_INT_CONVERSION = YES;
				CLANG_WARN_NON_LITERAL_NULL_CONVERSION = YES;
				CLANG_WARN_OBJC_IMPLICIT_RETAIN_SELF = YES;
				CLANG_WARN_OBJC_LITERAL_CONVERSION = YES;
				CLANG_WARN_OBJC_ROOT_CLASS = YES_ERROR;
				CLANG_WARN_QUOTED_INCLUDE_IN_FRAMEWORK_HEADER = YES;
				CLANG_WARN_RANGE_LOOP_ANALYSIS = YES;
				CLANG_WARN_STRICT_PROTOTYPES = YES;
				CLANG_WARN_SUSPICIOUS_MOVE = YES;
				CLANG_WARN_UNGUARDED_AVAILABILITY = YES_AGGRESSIVE;
				CLANG_WARN_UNREACHABLE_CODE = YES;
				CLANG_WARN__DUPLICATE_METHOD_MATCH = YES;
				COPY_PHASE_STRIP = NO;
				DEBUG_INFORMATION_FORMAT = dwarf;
				ENABLE_STRICT_OBJC_MSGSEND = YES;
				ENABLE_TESTABILITY = YES;
				GCC_C_LANGUAGE_STANDARD = gnu11;
				GCC_DYNAMIC_NO_PIC = NO;
				GCC_NO_COMMON_BLOCKS = YES;
				GCC_OPTIMIZATION_LEVEL = 0;
				GCC_PREPROCESSOR_DEFINITIONS = (
					"DEBUG=1",
					"$(inherited)",
				);
				GCC_WARN_64_TO_32_BIT_CONVERSION = YES;
				GCC_WARN_ABOUT_RETURN_TYPE = YES_ERROR;
				GCC_WARN_UNDECLARED_SELECTOR = YES;
				GCC_WARN_UNINITIALIZED_AUTOS = YES_AGGRESSIVE;
				GCC_WARN_UNUSED_FUNCTION = YES;
				GCC_WARN_UNUSED_VARIABLE = YES;
				IPHONEOS_DEPLOYMENT_TARGET = 15.5;
				MTL_ENABLE_DEBUG_INFO = INCLUDE_SOURCE;
				MTL_FAST_MATH = YES;
				ONLY_ACTIVE_ARCH = YES;
				SDKROOT = iphoneos;
				SWIFT_ACTIVE_COMPILATION_CONDITIONS = DEBUG;
				SWIFT_OPTIMIZATION_LEVEL = "-Onone";
			};
			name = Debug;
		};
		D57EB583283E0BC400C81342 /* Release */ = {
			isa = XCBuildConfiguration;
			buildSettings = {
				ALWAYS_SEARCH_USER_PATHS = NO;
				CLANG_ANALYZER_NONNULL = YES;
				CLANG_ANALYZER_NUMBER_OBJECT_CONVERSION = YES_AGGRESSIVE;
				CLANG_CXX_LANGUAGE_STANDARD = "gnu++17";
				CLANG_ENABLE_MODULES = YES;
				CLANG_ENABLE_OBJC_ARC = YES;
				CLANG_ENABLE_OBJC_WEAK = YES;
				CLANG_WARN_BLOCK_CAPTURE_AUTORELEASING = YES;
				CLANG_WARN_BOOL_CONVERSION = YES;
				CLANG_WARN_COMMA = YES;
				CLANG_WARN_CONSTANT_CONVERSION = YES;
				CLANG_WARN_DEPRECATED_OBJC_IMPLEMENTATIONS = YES;
				CLANG_WARN_DIRECT_OBJC_ISA_USAGE = YES_ERROR;
				CLANG_WARN_DOCUMENTATION_COMMENTS = YES;
				CLANG_WARN_EMPTY_BODY = YES;
				CLANG_WARN_ENUM_CONVERSION = YES;
				CLANG_WARN_INFINITE_RECURSION = YES;
				CLANG_WARN_INT_CONVERSION = YES;
				CLANG_WARN_NON_LITERAL_NULL_CONVERSION = YES;
				CLANG_WARN_OBJC_IMPLICIT_RETAIN_SELF = YES;
				CLANG_WARN_OBJC_LITERAL_CONVERSION = YES;
				CLANG_WARN_OBJC_ROOT_CLASS = YES_ERROR;
				CLANG_WARN_QUOTED_INCLUDE_IN_FRAMEWORK_HEADER = YES;
				CLANG_WARN_RANGE_LOOP_ANALYSIS = YES;
				CLANG_WARN_STRICT_PROTOTYPES = YES;
				CLANG_WARN_SUSPICIOUS_MOVE = YES;
				CLANG_WARN_UNGUARDED_AVAILABILITY = YES_AGGRESSIVE;
				CLANG_WARN_UNREACHABLE_CODE = YES;
				CLANG_WARN__DUPLICATE_METHOD_MATCH = YES;
				COPY_PHASE_STRIP = NO;
				DEBUG_INFORMATION_FORMAT = "dwarf-with-dsym";
				ENABLE_NS_ASSERTIONS = NO;
				ENABLE_STRICT_OBJC_MSGSEND = YES;
				GCC_C_LANGUAGE_STANDARD = gnu11;
				GCC_NO_COMMON_BLOCKS = YES;
				GCC_WARN_64_TO_32_BIT_CONVERSION = YES;
				GCC_WARN_ABOUT_RETURN_TYPE = YES_ERROR;
				GCC_WARN_UNDECLARED_SELECTOR = YES;
				GCC_WARN_UNINITIALIZED_AUTOS = YES_AGGRESSIVE;
				GCC_WARN_UNUSED_FUNCTION = YES;
				GCC_WARN_UNUSED_VARIABLE = YES;
				IPHONEOS_DEPLOYMENT_TARGET = 15.5;
				MTL_ENABLE_DEBUG_INFO = NO;
				MTL_FAST_MATH = YES;
				SDKROOT = iphoneos;
				SWIFT_COMPILATION_MODE = wholemodule;
				SWIFT_OPTIMIZATION_LEVEL = "-O";
				VALIDATE_PRODUCT = YES;
			};
			name = Release;
		};
		D57EB585283E0BC400C81342 /* Debug */ = {
			isa = XCBuildConfiguration;
			buildSettings = {
				ASSETCATALOG_COMPILER_APPICON_NAME = AppIcon;
				ASSETCATALOG_COMPILER_GLOBAL_ACCENT_COLOR_NAME = AccentColor;
				CODE_SIGN_STYLE = Automatic;
				CURRENT_PROJECT_VERSION = 1;
				DEVELOPMENT_TEAM = 77U4G34GB6;
				GENERATE_INFOPLIST_FILE = YES;
				INFOPLIST_FILE = Example/Info.plist;
				INFOPLIST_KEY_UIApplicationSupportsIndirectInputEvents = YES;
				INFOPLIST_KEY_UILaunchStoryboardName = LaunchScreen;
				INFOPLIST_KEY_UIMainStoryboardFile = Main;
				INFOPLIST_KEY_UISupportedInterfaceOrientations_iPad = "UIInterfaceOrientationPortrait UIInterfaceOrientationPortraitUpsideDown UIInterfaceOrientationLandscapeLeft UIInterfaceOrientationLandscapeRight";
				INFOPLIST_KEY_UISupportedInterfaceOrientations_iPhone = "UIInterfaceOrientationPortrait UIInterfaceOrientationLandscapeLeft UIInterfaceOrientationLandscapeRight";
				LD_RUNPATH_SEARCH_PATHS = (
					"$(inherited)",
					"@executable_path/Frameworks",
				);
				MARKETING_VERSION = 1.0;
				PRODUCT_BUNDLE_IDENTIFIER = com.dhakatecodes.Example;
				PRODUCT_NAME = "$(TARGET_NAME)";
				SWIFT_EMIT_LOC_STRINGS = YES;
				SWIFT_VERSION = 5.0;
				TARGETED_DEVICE_FAMILY = "1,2";
			};
			name = Debug;
		};
		D57EB586283E0BC400C81342 /* Release */ = {
			isa = XCBuildConfiguration;
			buildSettings = {
				ASSETCATALOG_COMPILER_APPICON_NAME = AppIcon;
				ASSETCATALOG_COMPILER_GLOBAL_ACCENT_COLOR_NAME = AccentColor;
				CODE_SIGN_STYLE = Automatic;
				CURRENT_PROJECT_VERSION = 1;
				DEVELOPMENT_TEAM = 77U4G34GB6;
				GENERATE_INFOPLIST_FILE = YES;
				INFOPLIST_FILE = Example/Info.plist;
				INFOPLIST_KEY_UIApplicationSupportsIndirectInputEvents = YES;
				INFOPLIST_KEY_UILaunchStoryboardName = LaunchScreen;
				INFOPLIST_KEY_UIMainStoryboardFile = Main;
				INFOPLIST_KEY_UISupportedInterfaceOrientations_iPad = "UIInterfaceOrientationPortrait UIInterfaceOrientationPortraitUpsideDown UIInterfaceOrientationLandscapeLeft UIInterfaceOrientationLandscapeRight";
				INFOPLIST_KEY_UISupportedInterfaceOrientations_iPhone = "UIInterfaceOrientationPortrait UIInterfaceOrientationLandscapeLeft UIInterfaceOrientationLandscapeRight";
				LD_RUNPATH_SEARCH_PATHS = (
					"$(inherited)",
					"@executable_path/Frameworks",
				);
				MARKETING_VERSION = 1.0;
				PRODUCT_BUNDLE_IDENTIFIER = com.dhakatecodes.Example;
				PRODUCT_NAME = "$(TARGET_NAME)";
				SWIFT_EMIT_LOC_STRINGS = YES;
				SWIFT_VERSION = 5.0;
				TARGETED_DEVICE_FAMILY = "1,2";
			};
			name = Release;
		};
/* End XCBuildConfiguration section */

/* Begin XCConfigurationList section */
		D57EB56B283E0BC200C81342 /* Build configuration list for PBXProject "Example" */ = {
			isa = XCConfigurationList;
			buildConfigurations = (
				D57EB582283E0BC400C81342 /* Debug */,
				D57EB583283E0BC400C81342 /* Release */,
			);
			defaultConfigurationIsVisible = 0;
			defaultConfigurationName = Release;
		};
		D57EB584283E0BC400C81342 /* Build configuration list for PBXNativeTarget "Example" */ = {
			isa = XCConfigurationList;
			buildConfigurations = (
				D57EB585283E0BC400C81342 /* Debug */,
				D57EB586283E0BC400C81342 /* Release */,
			);
			defaultConfigurationIsVisible = 0;
			defaultConfigurationName = Release;
		};
/* End XCConfigurationList section */
	};
	rootObject = D57EB568283E0BC200C81342 /* Project object */;
}
